
Microsoft Visual Studio Solution File, Format Version 12.00
# Visual Studio Version 17
VisualStudioVersion = 17.3.32804.467
MinimumVisualStudioVersion = 10.0.40219.1
Project("{FAE04EC0-301F-11D3-BF4B-00C04F79EFBC}") = "qwer", "qwer\qwer.csproj", "{F7FED386-C108-476B-8791-7EBD5F5DD31B}"
EndProject
Global
	GlobalSection(SolutionConfigurationPlatforms) = preSolution
		Debug|Any CPU = Debug|Any CPU
		Release|Any CPU = Release|Any CPU
	EndGlobalSection
	GlobalSection(ProjectConfigurationPlatforms) = postSolution
		{F7FED386-C108-476B-8791-7EBD5F5DD31B}.Debug|Any CPU.ActiveCfg = Debug|Any CPU
		{F7FED386-C108-476B-8791-7EBD5F5DD31B}.Debug|Any CPU.Build.0 = Debug|Any CPU
		{F7FED386-C108-476B-8791-7EBD5F5DD31B}.Release|Any CPU.ActiveCfg = Release|Any CPU
		{F7FED386-C108-476B-8791-7EBD5F5DD31B}.Release|Any CPU.Build.0 = Release|Any CPU
	EndGlobalSection
	GlobalSection(SolutionProperties) = preSolution
		HideSolutionNode = FALSE
	EndGlobalSection
	GlobalSection(ExtensibilityGlobals) = postSolution
		SolutionGuid = {30F8E82E-AA2F-43B8-9A77-463E47E1B129}
	EndGlobalSection
EndGlobal
